
Microsoft Visual Studio Solution File, Format Version 12.00
# Visual Studio Version 17
VisualStudioVersion = 17.0.32014.148
MinimumVisualStudioVersion = 10.0.40219.1
Project("{FAE04EC0-301F-11D3-BF4B-00C04F79EFBC}") = "haaneey_pharmacysystem", "Pharmacy Inventory Management System video 12\haaneey_pharmacysystem.csproj", "{89A19DD3-EC18-4AE0-B35A-0023C1294369}"
EndProject
Global
	GlobalSection(SolutionConfigurationPlatforms) = preSolution
		Debug|Any CPU = Debug|Any CPU
		Release|Any CPU = Release|Any CPU
	EndGlobalSection
	GlobalSection(ProjectConfigurationPlatforms) = postSolution
		{89A19DD3-EC18-4AE0-B35A-0023C1294369}.Debug|Any CPU.ActiveCfg = Debug|Any CPU
		{89A19DD3-EC18-4AE0-B35A-0023C1294369}.Debug|Any CPU.Build.0 = Debug|Any CPU
		{89A19DD3-EC18-4AE0-B35A-0023C1294369}.Release|Any CPU.ActiveCfg = Release|Any CPU
		{89A19DD3-EC18-4AE0-B35A-0023C1294369}.Release|Any CPU.Build.0 = Release|Any CPU
	EndGlobalSection
	GlobalSection(SolutionProperties) = preSolution
		HideSolutionNode = FALSE
	EndGlobalSection
	GlobalSection(ExtensibilityGlobals) = postSolution
		SolutionGuid = {DB706A3C-DE0F-4D48-A8DC-3F8BAFEF3ACA}
	EndGlobalSection
EndGlobal
